
Microsoft Visual Studio Solution File, Format Version 12.00
# Visual Studio Version 16
VisualStudioVersion = 16.6.30114.105
MinimumVisualStudioVersion = 10.0.40219.1
Project("{FAE04EC0-301F-11D3-BF4B-00C04F79EFBC}") = "API", "API\API.csproj", "{344D9C24-170E-4F33-B0E9-85CDAF44A20E}"
EndProject
Project("{FAE04EC0-301F-11D3-BF4B-00C04F79EFBC}") = "Application", "Application\Application.csproj", "{849B2C0C-657B-4378-888D-4F9F170BCFA4}"
EndProject
Project("{FAE04EC0-301F-11D3-BF4B-00C04F79EFBC}") = "Persistence", "Persistence\Persistence.csproj", "{0D1CC677-6C25-4624-8107-32C7F29FEBC7}"
EndProject
Project("{FAE04EC0-301F-11D3-BF4B-00C04F79EFBC}") = "Domain", "Domain\Domain.csproj", "{C2A8551F-3B1A-45C7-A268-D7F8B91D1E9E}"
EndProject
Global
	GlobalSection(SolutionConfigurationPlatforms) = preSolution
		Debug|Any CPU = Debug|Any CPU
		Debug|x64 = Debug|x64
		Debug|x86 = Debug|x86
		Release|Any CPU = Release|Any CPU
		Release|x64 = Release|x64
		Release|x86 = Release|x86
	EndGlobalSection
	GlobalSection(SolutionProperties) = preSolution
		HideSolutionNode = FALSE
	EndGlobalSection
	GlobalSection(ProjectConfigurationPlatforms) = postSolution
		{344D9C24-170E-4F33-B0E9-85CDAF44A20E}.Debug|Any CPU.ActiveCfg = Debug|Any CPU
		{344D9C24-170E-4F33-B0E9-85CDAF44A20E}.Debug|Any CPU.Build.0 = Debug|Any CPU
		{344D9C24-170E-4F33-B0E9-85CDAF44A20E}.Debug|x64.ActiveCfg = Debug|Any CPU
		{344D9C24-170E-4F33-B0E9-85CDAF44A20E}.Debug|x64.Build.0 = Debug|Any CPU
		{344D9C24-170E-4F33-B0E9-85CDAF44A20E}.Debug|x86.ActiveCfg = Debug|Any CPU
		{344D9C24-170E-4F33-B0E9-85CDAF44A20E}.Debug|x86.Build.0 = Debug|Any CPU
		{344D9C24-170E-4F33-B0E9-85CDAF44A20E}.Release|Any CPU.ActiveCfg = Release|Any CPU
		{344D9C24-170E-4F33-B0E9-85CDAF44A20E}.Release|Any CPU.Build.0 = Release|Any CPU
		{344D9C24-170E-4F33-B0E9-85CDAF44A20E}.Release|x64.ActiveCfg = Release|Any CPU
		{344D9C24-170E-4F33-B0E9-85CDAF44A20E}.Release|x64.Build.0 = Release|Any CPU
		{344D9C24-170E-4F33-B0E9-85CDAF44A20E}.Release|x86.ActiveCfg = Release|Any CPU
		{344D9C24-170E-4F33-B0E9-85CDAF44A20E}.Release|x86.Build.0 = Release|Any CPU
		{849B2C0C-657B-4378-888D-4F9F170BCFA4}.Debug|Any CPU.ActiveCfg = Debug|Any CPU
		{849B2C0C-657B-4378-888D-4F9F170BCFA4}.Debug|Any CPU.Build.0 = Debug|Any CPU
		{849B2C0C-657B-4378-888D-4F9F170BCFA4}.Debug|x64.ActiveCfg = Debug|Any CPU
		{849B2C0C-657B-4378-888D-4F9F170BCFA4}.Debug|x64.Build.0 = Debug|Any CPU
		{849B2C0C-657B-4378-888D-4F9F170BCFA4}.Debug|x86.ActiveCfg = Debug|Any CPU
		{849B2C0C-657B-4378-888D-4F9F170BCFA4}.Debug|x86.Build.0 = Debug|Any CPU
		{849B2C0C-657B-4378-888D-4F9F170BCFA4}.Release|Any CPU.ActiveCfg = Release|Any CPU
		{849B2C0C-657B-4378-888D-4F9F170BCFA4}.Release|Any CPU.Build.0 = Release|Any CPU
		{849B2C0C-657B-4378-888D-4F9F170BCFA4}.Release|x64.ActiveCfg = Release|Any CPU
		{849B2C0C-657B-4378-888D-4F9F170BCFA4}.Release|x64.Build.0 = Release|Any CPU
		{849B2C0C-657B-4378-888D-4F9F170BCFA4}.Release|x86.ActiveCfg = Release|Any CPU
		{849B2C0C-657B-4378-888D-4F9F170BCFA4}.Release|x86.Build.0 = Release|Any CPU
		{0D1CC677-6C25-4624-8107-32C7F29FEBC7}.Debug|Any CPU.ActiveCfg = Debug|Any CPU
		{0D1CC677-6C25-4624-8107-32C7F29FEBC7}.Debug|Any CPU.Build.0 = Debug|Any CPU
		{0D1CC677-6C25-4624-8107-32C7F29FEBC7}.Debug|x64.ActiveCfg = Debug|Any CPU
		{0D1CC677-6C25-4624-8107-32C7F29FEBC7}.Debug|x64.Build.0 = Debug|Any CPU
		{0D1CC677-6C25-4624-8107-32C7F29FEBC7}.Debug|x86.ActiveCfg = Debug|Any CPU
		{0D1CC677-6C25-4624-8107-32C7F29FEBC7}.Debug|x86.Build.0 = Debug|Any CPU
		{0D1CC677-6C25-4624-8107-32C7F29FEBC7}.Release|Any CPU.ActiveCfg = Release|Any CPU
		{0D1CC677-6C25-4624-8107-32C7F29FEBC7}.Release|Any CPU.Build.0 = Release|Any CPU
		{0D1CC677-6C25-4624-8107-32C7F29FEBC7}.Release|x64.ActiveCfg = Release|Any CPU
		{0D1CC677-6C25-4624-8107-32C7F29FEBC7}.Release|x64.Build.0 = Release|Any CPU
		{0D1CC677-6C25-4624-8107-32C7F29FEBC7}.Release|x86.ActiveCfg = Release|Any CPU
		{0D1CC677-6C25-4624-8107-32C7F29FEBC7}.Release|x86.Build.0 = Release|Any CPU
		{C2A8551F-3B1A-45C7-A268-D7F8B91D1E9E}.Debug|Any CPU.ActiveCfg = Debug|Any CPU
		{C2A8551F-3B1A-45C7-A268-D7F8B91D1E9E}.Debug|Any CPU.Build.0 = Debug|Any CPU
		{C2A8551F-3B1A-45C7-A268-D7F8B91D1E9E}.Debug|x64.ActiveCfg = Debug|Any CPU
		{C2A8551F-3B1A-45C7-A268-D7F8B91D1E9E}.Debug|x64.Build.0 = Debug|Any CPU
		{C2A8551F-3B1A-45C7-A268-D7F8B91D1E9E}.Debug|x86.ActiveCfg = Debug|Any CPU
		{C2A8551F-3B1A-45C7-A268-D7F8B91D1E9E}.Debug|x86.Build.0 = Debug|Any CPU
		{C2A8551F-3B1A-45C7-A268-D7F8B91D1E9E}.Release|Any CPU.ActiveCfg = Release|Any CPU
		{C2A8551F-3B1A-45C7-A268-D7F8B91D1E9E}.Release|Any CPU.Build.0 = Release|Any CPU
		{C2A8551F-3B1A-45C7-A268-D7F8B91D1E9E}.Release|x64.ActiveCfg = Release|Any CPU
		{C2A8551F-3B1A-45C7-A268-D7F8B91D1E9E}.Release|x64.Build.0 = Release|Any CPU
		{C2A8551F-3B1A-45C7-A268-D7F8B91D1E9E}.Release|x86.ActiveCfg = Release|Any CPU
		{C2A8551F-3B1A-45C7-A268-D7F8B91D1E9E}.Release|x86.Build.0 = Release|Any CPU
	EndGlobalSection
EndGlobal
